schema: racer-platform/v1
status: incomplete_local_baseline
captured_at: "2026-08-15T17:46:43+08:00"

platform:
  git_commit: 57df5122bceaaf74391ccae7e86e1da11955de9a
  note: local audit baseline; GitHub remote is not configured yet

host:
  architecture: x86_64
  os:
    name: Ubuntu
    version: "20.04.6 LTS"
    codename: focal
  kernel: 5.19.17-051917-generic
  gpu:
    model: TODO_GPU_MODEL
    driver: TODO_GPU_DRIVER
    status: nvidia_smi_unavailable_during_audit

ros:
  distribution: noetic
  install_prefix: /opt/ros/noetic
  ros_base_apt: 1.5.0-1focal.20250521.010531
  ros_comm_apt: 1.17.4-1focal.20250520.000923

simulation:
  gazebo:
    family: classic
    version: 11.15.1
    apt: 11.15.1-1~focal
  px4:
    source_path_observed: /home/houslakers/PX4-Autopilot
    repository_observed: https://gitclone.com/github.com/PX4/PX4-Autopilot.git
    commit: 13e74de617e97e748d60af11a66b23b7f02e4551
    dirty: true
    tracked_changes: 3
    worktree_patch_sha256: 1c86e848c72ccfa6fd97208131749a837a031a04d8f17767aa2ebc088d826cb3
    gazebo_classic_submodule_commit: f835e077d06eaf09a57d5152fcfb85244b53b77a
    gazebo_classic_submodule_repository: https://github.com/PX4/PX4-SITL_gazebo-classic.git
    gazebo_classic_submodule_dirty: true
    gazebo_classic_submodule_tracked_changes: 2
    gazebo_classic_submodule_patch_sha256: a109085ef300e3bbc109f65b361560b4444c7cf63312d53556049bdf50caf2fc
    patch_artifact: TODO_PX4_PATCH_ARTIFACT
    candidate_patch_artifact: patches/20260815-le8e-baseline/px4-superproject.patch
    candidate_submodule_patch_artifact: patches/20260815-le8e-baseline/px4-gazebo-classic.patch
    candidate_patch_sha256: 5fd7dec37cd4b4a78481bc92af012b56bb1fbcbf65036557e1765829164134b9
    candidate_submodule_patch_sha256: a109085ef300e3bbc109f65b361560b4444c7cf63312d53556049bdf50caf2fc
  mavros:
    source: ros_apt_binary
    version: 1.20.1
    apt: 1.20.1-1focal.20250520.005419
    extras_apt: 1.20.1-1focal.20250520.011525
    mavlink_apt: 2025.5.5-1focal.20250505.181801
    libmavconn_apt: 1.20.1-1focal.20250505.183037
    geographiclib_egm96_5_sha256: c4b25a03ec5845cec4778a54b580aeda676363f2205a89137e8677b2337af3ec
    source_commit: not_applicable_binary_install

perception:
  livox_active_driver:
    package: livox_ros_driver
    package_version: 2.0.0
    source_path_observed: /home/houslakers/swarm_ws/src/Swarm-LIO2/livox_ros_driver_mars
    provenance: tracked_inside_swarm_lio_repository
    parent_repository_commit: a5f751a797bb92baa3104cdd384a312d3c8e7744
    parent_worktree_patch_sha256: bd192abe37756410e26bd62cc2def5e9267ef7ac7fb3dde93bcfabd6b393ef09
    standalone_commit: not_applicable
  livox_sdk:
    source_path_observed: /home/houslakers/swarm_ws/src/Swarm-LIO2/livox_ros_driver_mars/Livox-SDK
    repository_observed: https://github.com/Livox-SDK/Livox-SDK.git
    commit: 9306596a2bf15c1343bc023b497465ed0a32909d
    branch_observed: master
    source_layout_role: external_dependency_for_livox_ros_driver_mars
    build_output: build/sdk_core/liblivox_sdk_static.a
    cmake_patch_artifact: patches/20260815-le8e-baseline/livox-driver-no-autodownload.patch
    cmake_patch_sha256: c4c8b3f3f81b483e7d192824665b9e775abb80d6ca585714eed1d91d89714038
  livox_ros_driver2_available_but_not_active:
    source_path_observed: /home/houslakers/livox_ws/src/livox_ros_driver2
    repository_observed: https://github.com/Livox-SDK/livox_ros_driver2.git
    commit: 13eb05e4e6dd7a765b934d0c5fd6236676a57b49
    tag: 1.2.6
    dirty: false
  swarm_lio:
    source_path_observed: /home/houslakers/swarm_ws/src/Swarm-LIO2
    repository_observed: https://github.com/hku-mars/Swarm-LIO2.git
    commit: a5f751a797bb92baa3104cdd384a312d3c8e7744
    dirty: true
    tracked_changes: 212
    untracked_files: 92
    worktree_patch_sha256: bd192abe37756410e26bd62cc2def5e9267ef7ac7fb3dde93bcfabd6b393ef09
    patch_artifact: TODO_SWARM_LIO_PATCH_ARTIFACT
    candidate_patch_artifact: patches/20260815-le8e-baseline/swarm-lio-source.patch
    candidate_patch_sha256: 470fd8daff95403966a0f504eb4954c06278fd86da3c51cb5a6e745a2a03b5d2
  livox_laser_simulation:
    source_path_observed: /home/houslakers/swarm_ws/src/livox_laser_simulation
    commit: 1cce1073633a062b92e30243a4c2920e45551bb5
    dirty: true
    tracked_changes: 5
    untracked_files: 1
    worktree_patch_sha256: 85dca418fe4eeee2482a100b6af04a14323fcd3990cbba375cc984c269e7df76
    patch_artifact: TODO_LIVOX_SIM_PATCH_ARTIFACT
    candidate_patch_artifact: patches/20260815-le8e-baseline/livox-simulation.patch
    candidate_patch_sha256: 24bbf0383ff480c785d414897877199f9a6f075e3621b61f9bffa1d3f27215ef

planner:
  racer:
    source_path_observed: /home/houslakers/racer_ws/src/RACER
    repository_observed: https://github.com/Robotics-STAR-Lab/RACER.git
    commit: 049c332e3634ef72d8beb155b4c13dc91ca52916
    dirty: true
    tracked_changes: 15
    untracked_files: 86
    worktree_patch_sha256: e46b74ed61ae4a24745d9a54d52ad474c78b7c2f67c0e626f92d5a40eca456a4
    patch_artifact: TODO_RACER_PATCH_ARTIFACT
    candidate_patch_artifact: patches/20260815-le8e-baseline/racer-le8e-source.patch
    candidate_patch_sha256: 216eb7f716e93088d6da42c9306fe33a70655bf9d99f953a22e2bab00985ff34
    critical_file_hashes_match_handoff: true
  lkh:
    version: 3.0.6
    source_path_observed: /home/houslakers/racer_ws/src/RACER_DEPS/LKH-3.0.6
    source_origin: TODO_LKH_SOURCE_ORIGIN
    executable_sha256: a2f782d8bf0b31cc1f26efa5d0b05d4223f661fe15d8056c97f1823bdc96d1ef
  nlopt:
    source_path_observed: /home/houslakers/racer_ws/src/RACER_DEPS/nlopt
    repository_observed: https://github.com/stevengj/nlopt.git
    commit: 09b3c2a6da71cabcb98d2c8facc6b83d2321ed71
    tag: v2.7.1
    dirty: false
  gt_registration: required_for_single_uav_baseline

single_uav_final_path:
  adopted_node_baseline: LE8-E
  adopted_node_baseline_role: multi-UAV per-vehicle reference baseline
  adopted_node_baseline_runtime:
    obstacles_inflation: 0.35
    progress_guard_enabled: false
    global_trajectory_guard_enabled: false
    global_trajectory_reject_unknown: false
    sdf_resolution: 0.05
    candidate_clearance_m: 0.40
    planning_lower_bound_m: 1.15
    planning_upper_bound_m: 2.70
    lse_max_actions: 12
    lse_max_escape_count: 12
    lse_bridge_cooldown_s: 35
    lse_cooldown_s: 35
    lse_urgent_cooldown_s: 15
    lse_pending_retrigger: true
    lse_pending_urgent_after_s: 5
    lse_pending_min_cooldown_s: 15
    lse_stall_debounce_s: 15
  source_evidence:
    project_state: /home/houslakers/auto_tune_racer/swarmlio-single/project_state.md
    handoff_report: /home/houslakers/auto_tune_racer/swarmlio-single/New_report/单机复现与AI交接手册.md
    adopted_baseline_runner: /home/houslakers/auto_tune_racer/swarmlio-single/run_e2l_le8e_primary_8x600.sh
    evidence_matrix_runner: /home/houslakers/auto_tune_racer/swarmlio-single/run_e2l_le8i_overnight_randomized_3arm_8x600.sh
    evidence_matrix: 3 arms x 8 reps x 600 s
    evidence_seed: 20260812
  launch_chain:
    - /home/houslakers/auto_tune_racer/swarmlio-single/run_e2l_le8e_primary_8x600.sh
    - /home/houslakers/auto_tune_racer/swarmlio-single/run_e2l_le8c_pure_postplan_gate.sh
    - /home/houslakers/auto_tune_racer/swarmlio-single/run_e2l_le4_memory_600.sh
    - /home/houslakers/auto_tune_racer/swarmlio-single/topology_t1s4r_runner.py
    - /home/houslakers/auto_tune_racer/master.py
  runtime_roots:
    px4: /home/houslakers/PX4-Autopilot
    swarm_workspace: /home/houslakers/swarm_ws
    racer_workspace: /home/houslakers/racer_ws
    control_code: /home/houslakers/control_code
    platform_runner_root: /home/houslakers/auto_tune_racer
    world: /home/houslakers/auto_tune_racer/racer_example.world
  ros_launch_entries:
    px4_gazebo: px4/multi_uav_mavros_sitl.launch
    swarm_lio: swarm_lio/multi_uav_swarm_lio.launch
    racer: exploration_manager/swarm_exploration.launch
    planner_xml: /home/houslakers/racer_ws/src/RACER/swarm_exploration/exploration_manager/launch/single_drone_planner.xml
    exploration_xml: /home/houslakers/racer_ws/src/RACER/swarm_exploration/exploration_manager/launch/single_drone_exploration.xml
    bridge: /home/houslakers/control_code/swarm_bridge.launch
  adapters:
    pointcloud_translator: /home/houslakers/control_code/swarm_pc_translator.py
    gt_registration_mapper: /home/houslakers/auto_tune_racer/px4_gazebo_registered_mapper.py
    scorer: /home/houslakers/auto_tune_racer/scorer.py
  registration_source: gt
  required_environment:
    - /opt/ros/noetic/setup.bash
    - /home/houslakers/swarm_ws/devel/setup.bash
    - /home/houslakers/racer_ws/devel/setup.bash
    - RACER_GT_MAPPER=1
  adopted_baseline_runner_sha256: 4219924e4b12cba5fb2c80908b4396e52a2e1d22e61b079e94db920810c28260
  evidence_matrix_runner_sha256: 3cf179994adb1b1c957615cc3e88ea4f2d938e7e4ed3f38ec080b3404c7d25a4
  master_sha256: f51b2a6e3a202bb01bf20233cc13ab32944ffaed7e3c46f0bd9d08bf191eb4ce
  world_sha256: 53bb8a94af925affc2093d25e601d5a203065b4a1671f004a0e553d033c523fb
  control_code:
    translator_sha256: 832840e344212d451c246a468c8906679f68675cac35dcb31b61a4d2b0636cb7
    bridge_sha256: fcd1662b8102692d9a7572a4767b494e3e151429d56e80c82cc9d4692e921d3b
  racer_launch_sha256:
    planner_xml: f4d0f517198673db73cd5855fc4ce799b0b24dae5259c7d6b6875d51ff47e9f1
    exploration_xml: 609cf7f34de0779307c1e6a76c9dc730594854fa71ce3c7048ff6c055193dda0

dependencies:
  apt_manifest: environment/apt-packages.txt
  python_manifest: environment/python-requirements.txt
  apt_snapshot: TODO_APT_SNAPSHOT_OR_ARCHIVE
  python_artifact_hashes: TODO_PYTHON_WHEELHOUSE_OR_HASH_LOCK
  toolchain:
    python: 3.8.10
    pip: 25.0.1
    gcc: 9.4.0
    gxx: 9.4.0
    cmake: 3.16.3
    make: 4.2.1
  native_libraries:
    gtsam:
      installed_version: 4.2.0
      source_path_observed: /home/houslakers/gtsam
      repository_observed: https://github.com/borglab/gtsam.git
      commit: 4f66a491ffc83cf092d0d818b11dc35135521612
      tag: "4.2"
      dirty: false
    nlopt_usr_local:
      installed_version: 2.7.1
      source_commit: 09b3c2a6da71cabcb98d2c8facc6b83d2321ed71
    nlopt_ros_overlay:
      pkg_config_version: 2.1.21
      apt: 2.1.21-1focal.20200826.175650
    selection_order: RACER_bspline_opt_hardcodes_usr_local_2_7_1

docker:
  compute_mode: cpu_only
  gpu_path: intentionally_disabled
  base_image: ros:noetic-ros-base-focal
  base_image_digest: TODO_DOCKER_BASE_DIGEST
  output_image: TODO_DOCKER_IMAGE_TAG
  output_digest: TODO_DOCKER_IMAGE_DIGEST
  host_client_version: 26.1.3
  compose_available: false
  daemon_accessible_to_user: false
  nvidia_container_runtime_available: false
